// !$*UTF8*$!
{
	archiveVersion = 1;
	classes = {
	};
	objectVersion = 55;
	objects = {

/* Begin PBXBuildFile section */
		3D28FA3D28A605C100E34CC4 /* AppDelegate.swift in Sources */ = {isa = PBXBuildFile; fileRef = 3D28FA3C28A605C100E34CC4 /* AppDelegate.swift */; };
		3D28FA3F28A605C100E34CC4 /* SceneDelegate.swift in Sources */ = {isa = PBXBuildFile; fileRef = 3D28FA3E28A605C100E34CC4 /* SceneDelegate.swift */; };
		3D28FA4128A605C100E34CC4 /* ViewController.swift in Sources */ = {isa = PBXBuildFile; fileRef = 3D28FA4028A605C100E34CC4 /* ViewController.swift */; };
		3D28FA4428A605C100E34CC4 /* Main.storyboard in Resources */ = {isa = PBXBuildFile; fileRef = 3D28FA4228A605C100E34CC4 /* Main.storyboard */; };
		3D28FA4628A605C300E34CC4 /* Assets.xcassets in Resources */ = {isa = PBXBuildFile; fileRef = 3D28FA4528A605C300E34CC4 /* Assets.xcassets */; };
		3D28FA4928A605C300E34CC4 /* LaunchScreen.storyboard in Resources */ = {isa = PBXBuildFile; fileRef = 3D28FA4728A605C300E34CC4 /* LaunchScreen.storyboard */; };
		3D28FA5428A605C300E34CC4 /* Ad_blockerTests.swift in Sources */ = {isa = PBXBuildFile; fileRef = 3D28FA5328A605C300E34CC4 /* Ad_blockerTests.swift */; };
		3D28FA5E28A605C300E34CC4 /* Ad_blockerUITests.swift in Sources */ = {isa = PBXBuildFile; fileRef = 3D28FA5D28A605C300E34CC4 /* Ad_blockerUITests.swift */; };
		3D28FA6028A605C300E34CC4 /* Ad_blockerUITestsLaunchTests.swift in Sources */ = {isa = PBXBuildFile; fileRef = 3D28FA5F28A605C300E34CC4 /* Ad_blockerUITestsLaunchTests.swift */; };
/* End PBXBuildFile section */

/* Begin PBXContainerItemProxy section */
		3D28FA5028A605C300E34CC4 /* PBXContainerItemProxy */ = {
			isa = PBXContainerItemProxy;
			containerPortal = 3D28FA3128A605C100E34CC4 /* Project object */;
			proxyType = 1;
			remoteGlobalIDString = 3D28FA3828A605C100E34CC4;
			remoteInfo = "Ad blocker";
		};
		3D28FA5A28A605C300E34CC4 /* PBXContainerItemProxy */ = {
			isa = PBXContainerItemProxy;
			containerPortal = 3D28FA3128A605C100E34CC4 /* Project object */;
			proxyType = 1;
			remoteGlobalIDString = 3D28FA3828A605C100E34CC4;
			remoteInfo = "Ad blocker";
		};
/* End PBXContainerItemProxy section */

/* Begin PBXFileReference section */
		3D28FA3928A605C100E34CC4 /* Ad blocker.app */ = {isa = PBXFileReference; explicitFileType = wrapper.application; includeInIndex = 0; path = "Ad blocker.app"; sourceTree = BUILT_PRODUCTS_DIR; };
		3D28FA3C28A605C100E34CC4 /* AppDelegate.swift */ = {isa = PBXFileReference; lastKnownFileType = sourcecode.swift; path = AppDelegate.swift; sourceTree = "<group>"; };
		3D28FA3E28A605C100E34CC4 /* SceneDelegate.swift */ = {isa = PBXFileReference; lastKnownFileType = sourcecode.swift; path = SceneDelegate.swift; sourceTree = "<group>"; };
		3D28FA4028A605C100E34CC4 /* ViewController.swift */ = {isa = PBXFileReference; lastKnownFileType = sourcecode.swift; path = ViewController.swift; sourceTree = "<group>"; };
		3D28FA4328A605C100E34CC4 /* Base */ = {isa = PBXFileReference; lastKnownFileType = file.storyboard; name = Base; path = Base.lproj/Main.storyboard; sourceTree = "<group>"; };
		3D28FA4528A605C300E34CC4 /* Assets.xcassets */ = {isa = PBXFileReference; lastKnownFileType = folder.assetcatalog; path = Assets.xcassets; sourceTree = "<group>"; };
		3D28FA4828A605C300E34CC4 /* Base */ = {isa = PBXFileReference; lastKnownFileType = file.storyboard; name = Base; path = Base.lproj/LaunchScreen.storyboard; sourceTree = "<group>"; };
		3D28FA4A28A605C300E34CC4 /* Info.plist */ = {isa = PBXFileReference; lastKnownFileType = text.plist.xml; path = Info.plist; sourceTree = "<group>"; };
		3D28FA4F28A605C300E34CC4 /* Ad blockerTests.xctest */ = {isa = PBXFileReference; explicitFileType = wrapper.cfbundle; includeInIndex = 0; path = "Ad blockerTests.xctest"; sourceTree = BUILT_PRODUCTS_DIR; };
		3D28FA5328A605C300E34CC4 /* Ad_blockerTests.swift */ = {isa = PBXFileReference; lastKnownFileType = sourcecode.swift; path = Ad_blockerTests.swift; sourceTree = "<group>"; };
		3D28FA5928A605C300E34CC4 /* Ad blockerUITests.xctest */ = {isa = PBXFileReference; explicitFileType = wrapper.cfbundle; includeInIndex = 0; path = "Ad blockerUITests.xctest"; sourceTree = BUILT_PRODUCTS_DIR; };
		3D28FA5D28A605C300E34CC4 /* Ad_blockerUITests.swift */ = {isa = PBXFileReference; lastKnownFileType = sourcecode.swift; path = Ad_blockerUITests.swift; sourceTree = "<group>"; };
		3D28FA5F28A605C300E34CC4 /* Ad_blockerUITestsLaunchTests.swift */ = {isa = PBXFileReference; lastKnownFileType = sourcecode.swift; path = Ad_blockerUITestsLaunchTests.swift; sourceTree = "<group>"; };
/* End PBXFileReference section */

/* Begin PBXFrameworksBuildPhase section */
		3D28FA3628A605C100E34CC4 /* Frameworks */ = {
			isa = PBXFrameworksBuildPhase;
			buildActionMask = 2147483647;
			files = (
			);
			runOnlyForDeploymentPostprocessing = 0;
		};
		3D28FA4C28A605C300E34CC4 /* Frameworks */ = {
			isa = PBXFrameworksBuildPhase;
			buildActionMask = 2147483647;
			files = (
			);
			runOnlyForDeploymentPostprocessing = 0;
		};
		3D28FA5628A605C300E34CC4 /* Frameworks */ = {
			isa = PBXFrameworksBuildPhase;
			buildActionMask = 2147483647;
			files = (
			);
			runOnlyForDeploymentPostprocessing = 0;
		};
/* End PBXFrameworksBuildPhase section */

/* Begin PBXGroup section */
		3D28FA3028A605C100E34CC4 = {
			isa = PBXGroup;
			children = (
				3D28FA3B28A605C100E34CC4 /* Ad blocker */,
				3D28FA5228A605C300E34CC4 /* Ad blockerTests */,
				3D28FA5C28A605C300E34CC4 /* Ad blockerUITests */,
				3D28FA3A28A605C100E34CC4 /* Products */,
			);
			sourceTree = "<group>";
		};
		3D28FA3A28A605C100E34CC4 /* Products */ = {
			isa = PBXGroup;
			children = (
				3D28FA3928A605C100E34CC4 /* Ad blocker.app */,
				3D28FA4F28A605C300E34CC4 /* Ad blockerTests.xctest */,
				3D28FA5928A605C300E34CC4 /* Ad blockerUITests.xctest */,
			);
			name = Products;
			sourceTree = "<group>";
		};
		3D28FA3B28A605C100E34CC4 /* Ad blocker */ = {
			isa = PBXGroup;
			children = (
				3D28FA3C28A605C100E34CC4 /* AppDelegate.swift */,
				3D28FA3E28A605C100E34CC4 /* SceneDelegate.swift */,
				3D28FA4028A605C100E34CC4 /* ViewController.swift */,
				3D28FA4228A605C100E34CC4 /* Main.storyboard */,
				3D28FA4528A605C300E34CC4 /* Assets.xcassets */,
				3D28FA4728A605C300E34CC4 /* LaunchScreen.storyboard */,
				3D28FA4A28A605C300E34CC4 /* Info.plist */,
			);
			path = "Ad blocker";
			sourceTree = "<group>";
		};
		3D28FA5228A605C300E34CC4 /* Ad blockerTests */ = {
			isa = PBXGroup;
			children = (
				3D28FA5328A605C300E34CC4 /* Ad_blockerTests.swift */,
			);
			path = "Ad blockerTests";
			sourceTree = "<group>";
		};
		3D28FA5C28A605C300E34CC4 /* Ad blockerUITests */ = {
			isa = PBXGroup;
			children = (
				3D28FA5D28A605C300E34CC4 /* Ad_blockerUITests.swift */,
				3D28FA5F28A605C300E34CC4 /* Ad_blockerUITestsLaunchTests.swift */,
			);
			path = "Ad blockerUITests";
			sourceTree = "<group>";
		};
/* End PBXGroup section */

/* Begin PBXNativeTarget section */
		3D28FA3828A605C100E34CC4 /* Ad blocker */ = {
			isa = PBXNativeTarget;
			buildConfigurationList = 3D28FA6328A605C300E34CC4 /* Build configuration list for PBXNativeTarget "Ad blocker" */;
			buildPhases = (
				3D28FA3528A605C100E34CC4 /* Sources */,
				3D28FA3628A605C100E34CC4 /* Frameworks */,
				3D28FA3728A605C100E34CC4 /* Resources */,
			);
			buildRules = (
			);
			dependencies = (
			);
			name = "Ad blocker";
			productName = "Ad blocker";
			productReference = 3D28FA3928A605C100E34CC4 /* Ad blocker.app */;
			productType = "com.apple.product-type.application";
		};
		3D28FA4E28A605C300E34CC4 /* Ad blockerTests */ = {
			isa = PBXNativeTarget;
			buildConfigurationList = 3D28FA6628A605C300E34CC4 /* Build configuration list for PBXNativeTarget "Ad blockerTests" */;
			buildPhases = (
				3D28FA4B28A605C300E34CC4 /* Sources */,
				3D28FA4C28A605C300E34CC4 /* Frameworks */,
				3D28FA4D28A605C300E34CC4 /* Resources */,
			);
			buildRules = (
			);
			dependencies = (
				3D28FA5128A605C300E34CC4 /* PBXTargetDependency */,
			);
			name = "Ad blockerTests";
			productName = "Ad blockerTests";
			productReference = 3D28FA4F28A605C300E34CC4 /* Ad blockerTests.xctest */;
			productType = "com.apple.product-type.bundle.unit-test";
		};
		3D28FA5828A605C300E34CC4 /* Ad blockerUITests */ = {
			isa = PBXNativeTarget;
			buildConfigurationList = 3D28FA6928A605C300E34CC4 /* Build configuration list for PBXNativeTarget "Ad blockerUITests" */;
			buildPhases = (
				3D28FA5528A605C300E34CC4 /* Sources */,
				3D28FA5628A605C300E34CC4 /* Frameworks */,
				3D28FA5728A605C300E34CC4 /* Resources */,
			);
			buildRules = (
			);
			dependencies = (
				3D28FA5B28A605C300E34CC4 /* PBXTargetDependency */,
			);
			name = "Ad blockerUITests";
			productName = "Ad blockerUITests";
			productReference = 3D28FA5928A605C300E34CC4 /* Ad blockerUITests.xctest */;
			productType = "com.apple.product-type.bundle.ui-testing";
		};
/* End PBXNativeTarget section */

/* Begin PBXProject section */
		3D28FA3128A605C100E34CC4 /* Project object */ = {
			isa = PBXProject;
			attributes = {
				BuildIndependentTargetsInParallel = 1;
				LastSwiftUpdateCheck = 1340;
				LastUpgradeCheck = 1340;
				TargetAttributes = {
					3D28FA3828A605C100E34CC4 = {
						CreatedOnToolsVersion = 13.4.1;
					};
					3D28FA4E28A605C300E34CC4 = {
						CreatedOnToolsVersion = 13.4.1;
						TestTargetID = 3D28FA3828A605C100E34CC4;
					};
					3D28FA5828A605C300E34CC4 = {
						CreatedOnToolsVersion = 13.4.1;
						TestTargetID = 3D28FA3828A605C100E34CC4;
					};
				};
			};
			buildConfigurationList = 3D28FA3428A605C100E34CC4 /* Build configuration list for PBXProject "Ad blocker" */;
			compatibilityVersion = "Xcode 13.0";
			developmentRegion = en;
			hasScannedForEncodings = 0;
			knownRegions = (
				en,
				Base,
			);
			mainGroup = 3D28FA3028A605C100E34CC4;
			productRefGroup = 3D28FA3A28A605C100E34CC4 /* Products */;
			projectDirPath = "";
			projectRoot = "";
			targets = (
				3D28FA3828A605C100E34CC4 /* Ad blocker */,
				3D28FA4E28A605C300E34CC4 /* Ad blockerTests */,
				3D28FA5828A605C300E34CC4 /* Ad blockerUITests */,
			);
		};
/* End PBXProject section */

/* Begin PBXResourcesBuildPhase section */
		3D28FA3728A605C100E34CC4 /* Resources */ = {
			isa = PBXResourcesBuildPhase;
			buildActionMask = 2147483647;
			files = (
				3D28FA4928A605C300E34CC4 /* LaunchScreen.storyboard in Resources */,
				3D28FA4628A605C300E34CC4 /* Assets.xcassets in Resources */,
				3D28FA4428A605C100E34CC4 /* Main.storyboard in Resources */,
			);
			runOnlyForDeploymentPostprocessing = 0;
		};
		3D28FA4D28A605C300E34CC4 /* Resources */ = {
			isa = PBXResourcesBuildPhase;
			buildActionMask = 2147483647;
			files = (
			);
			runOnlyForDeploymentPostprocessing = 0;
		};
		3D28FA5728A605C300E34CC4 /* Resources */ = {
			isa = PBXResourcesBuildPhase;
			buildActionMask = 2147483647;
			files = (
			);
			runOnlyForDeploymentPostprocessing = 0;
		};
/* End PBXResourcesBuildPhase section */

/* Begin PBXSourcesBuildPhase section */
		3D28FA3528A605C100E34CC4 /* Sources */ = {
			isa = PBXSourcesBuildPhase;
			buildActionMask = 2147483647;
			files = (
				3D28FA4128A605C100E34CC4 /* ViewController.swift in Sources */,
				3D28FA3D28A605C100E34CC4 /* AppDelegate.swift in Sources */,
				3D28FA3F28A605C100E34CC4 /* SceneDelegate.swift in Sources */,
			);
			runOnlyForDeploymentPostprocessing = 0;
		};
		3D28FA4B28A605C300E34CC4 /* Sources */ = {
			isa = PBXSourcesBuildPhase;
			buildActionMask = 2147483647;
			files = (
				3D28FA5428A605C300E34CC4 /* Ad_blockerTests.swift in Sources */,
			);
			runOnlyForDeploymentPostprocessing = 0;
		};
		3D28FA5528A605C300E34CC4 /* Sources */ = {
			isa = PBXSourcesBuildPhase;
			buildActionMask = 2147483647;
			files = (
				3D28FA6028A605C300E34CC4 /* Ad_blockerUITestsLaunchTests.swift in Sources */,
				3D28FA5E28A605C300E34CC4 /* Ad_blockerUITests.swift in Sources */,
			);
			runOnlyForDeploymentPostprocessing = 0;
		};
/* End PBXSourcesBuildPhase section */

/* Begin PBXTargetDependency section */
		3D28FA5128A605C300E34CC4 /* PBXTargetDependency */ = {
			isa = PBXTargetDependency;
			target = 3D28FA3828A605C100E34CC4 /* Ad blocker */;
			targetProxy = 3D28FA5028A605C300E34CC4 /* PBXContainerItemProxy */;
		};
		3D28FA5B28A605C300E34CC4 /* PBXTargetDependency */ = {
			isa = PBXTargetDependency;
			target = 3D28FA3828A605C100E34CC4 /* Ad blocker */;
			targetProxy = 3D28FA5A28A605C300E34CC4 /* PBXContainerItemProxy */;
		};
/* End PBXTargetDependency section */

/* Begin PBXVariantGroup section */
		3D28FA4228A605C100E34CC4 /* Main.storyboard */ = {
			isa = PBXVariantGroup;
			children = (
				3D28FA4328A605C100E34CC4 /* Base */,
			);
			name = Main.storyboard;
			sourceTree = "<group>";
		};
		3D28FA4728A605C300E34CC4 /* LaunchScreen.storyboard */ = {
			isa = PBXVariantGroup;
			children = (
				3D28FA4828A605C300E34CC4 /* Base */,
			);
			name = LaunchScreen.storyboard;
			sourceTree = "<group>";
		};
/* End PBXVariantGroup section */

/* Begin XCBuildConfiguration section */
		3D28FA6128A605C300E34CC4 /* Debug */ = {
			isa = XCBuildConfiguration;
			buildSettings = {
				ALWAYS_SEARCH_USER_PATHS = NO;
				CLANG_ANALYZER_NONNULL = YES;
				CLANG_ANALYZER_NUMBER_OBJECT_CONVERSION = YES_AGGRESSIVE;
				CLANG_CXX_LANGUAGE_STANDARD = "gnu++17";
				CLANG_ENABLE_MODULES = YES;
				CLANG_ENABLE_OBJC_ARC = YES;
				CLANG_ENABLE_OBJC_WEAK = YES;
				CLANG_WARN_BLOCK_CAPTURE_AUTORELEASING = YES;
				CLANG_WARN_BOOL_CONVERSION = YES;
				CLANG_WARN_COMMA = YES;
				CLANG_WARN_CONSTANT_CONVERSION = YES;
				CLANG_WARN_DEPRECATED_OBJC_IMPLEMENTATIONS = YES;
				CLANG_WARN_DIRECT_OBJC_ISA_USAGE = YES_ERROR;
				CLANG_WARN_DOCUMENTATION_COMMENTS = YES;
				CLANG_WARN_EMPTY_BODY = YES;
				CLANG_WARN_ENUM_CONVERSION = YES;
				CLANG_WARN_INFINITE_RECURSION = YES;
				CLANG_WARN_INT_CONVERSION = YES;
				CLANG_WARN_NON_LITERAL_NULL_CONVERSION = YES;
				CLANG_WARN_OBJC_IMPLICIT_RETAIN_SELF = YES;
				CLANG_WARN_OBJC_LITERAL_CONVERSION = YES;
				CLANG_WARN_OBJC_ROOT_CLASS = YES_ERROR;
				CLANG_WARN_QUOTED_INCLUDE_IN_FRAMEWORK_HEADER = YES;
				CLANG_WARN_RANGE_LOOP_ANALYSIS = YES;
				CLANG_WARN_STRICT_PROTOTYPES = YES;
				CLANG_WARN_SUSPICIOUS_MOVE = YES;
				CLANG_WARN_UNGUARDED_AVAILABILITY = YES_AGGRESSIVE;
				CLANG_WARN_UNREACHABLE_CODE = YES;
				CLANG_WARN__DUPLICATE_METHOD_MATCH = YES;
				COPY_PHASE_STRIP = NO;
				DEBUG_INFORMATION_FORMAT = dwarf;
				ENABLE_STRICT_OBJC_MSGSEND = YES;
				ENABLE_TESTABILITY = YES;
				GCC_C_LANGUAGE_STANDARD = gnu11;
				GCC_DYNAMIC_NO_PIC = NO;
				GCC_NO_COMMON_BLOCKS = YES;
				GCC_OPTIMIZATION_LEVEL = 0;
				GCC_PREPROCESSOR_DEFINITIONS = (
					"DEBUG=1",
					"$(inherited)",
				);
				GCC_WARN_64_TO_32_BIT_CONVERSION = YES;
				GCC_WARN_ABOUT_RETURN_TYPE = YES_ERROR;
				GCC_WARN_UNDECLARED_SELECTOR = YES;
				GCC_WARN_UNINITIALIZED_AUTOS = YES_AGGRESSIVE;
				GCC_WARN_UNUSED_FUNCTION = YES;
				GCC_WARN_UNUSED_VARIABLE = YES;
				IPHONEOS_DEPLOYMENT_TARGET = 15.5;
				MTL_ENABLE_DEBUG_INFO = INCLUDE_SOURCE;
				MTL_FAST_MATH = YES;
				ONLY_ACTIVE_ARCH = YES;
				SDKROOT = iphoneos;
				SWIFT_ACTIVE_COMPILATION_CONDITIONS = DEBUG;
				SWIFT_OPTIMIZATION_LEVEL = "-Onone";
			};
			name = Debug;
		};
		3D28FA6228A605C300E34CC4 /* Release */ = {
			isa = XCBuildConfiguration;
			buildSettings = {
				ALWAYS_SEARCH_USER_PATHS = NO;
				CLANG_ANALYZER_NONNULL = YES;
				CLANG_ANALYZER_NUMBER_OBJECT_CONVERSION = YES_AGGRESSIVE;
				CLANG_CXX_LANGUAGE_STANDARD = "gnu++17";
				CLANG_ENABLE_MODULES = YES;
				CLANG_ENABLE_OBJC_ARC = YES;
				CLANG_ENABLE_OBJC_WEAK = YES;
				CLANG_WARN_BLOCK_CAPTURE_AUTORELEASING = YES;
				CLANG_WARN_BOOL_CONVERSION = YES;
				CLANG_WARN_COMMA = YES;
				CLANG_WARN_CONSTANT_CONVERSION = YES;
				CLANG_WARN_DEPRECATED_OBJC_IMPLEMENTATIONS = YES;
				CLANG_WARN_DIRECT_OBJC_ISA_USAGE = YES_ERROR;
				CLANG_WARN_DOCUMENTATION_COMMENTS = YES;
				CLANG_WARN_EMPTY_BODY = YES;
				CLANG_WARN_ENUM_CONVERSION = YES;
				CLANG_WARN_INFINITE_RECURSION = YES;
				CLANG_WARN_INT_CONVERSION = YES;
				CLANG_WARN_NON_LITERAL_NULL_CONVERSION = YES;
				CLANG_WARN_OBJC_IMPLICIT_RETAIN_SELF = YES;
				CLANG_WARN_OBJC_LITERAL_CONVERSION = YES;
				CLANG_WARN_OBJC_ROOT_CLASS = YES_ERROR;
				CLANG_WARN_QUOTED_INCLUDE_IN_FRAMEWORK_HEADER = YES;
				CLANG_WARN_RANGE_LOOP_ANALYSIS = YES;
				CLANG_WARN_STRICT_PROTOTYPES = YES;
				CLANG_WARN_SUSPICIOUS_MOVE = YES;
				CLANG_WARN_UNGUARDED_AVAILABILITY = YES_AGGRESSIVE;
				CLANG_WARN_UNREACHABLE_CODE = YES;
				CLANG_WARN__DUPLICATE_METHOD_MATCH = YES;
				COPY_PHASE_STRIP = NO;
				DEBUG_INFORMATION_FORMAT = "dwarf-with-dsym";
				ENABLE_NS_ASSERTIONS = NO;
				ENABLE_STRICT_OBJC_MSGSEND = YES;
				GCC_C_LANGUAGE_STANDARD = gnu11;
				GCC_NO_COMMON_BLOCKS = YES;
				GCC_WARN_64_TO_32_BIT_CONVERSION = YES;
				GCC_WARN_ABOUT_RETURN_TYPE = YES_ERROR;
				GCC_WARN_UNDECLARED_SELECTOR = YES;
				GCC_WARN_UNINITIALIZED_AUTOS = YES_AGGRESSIVE;
				GCC_WARN_UNUSED_FUNCTION = YES;
				GCC_WARN_UNUSED_VARIABLE = YES;
				IPHONEOS_DEPLOYMENT_TARGET = 15.5;
				MTL_ENABLE_DEBUG_INFO = NO;
				MTL_FAST_MATH = YES;
				SDKROOT = iphoneos;
				SWIFT_COMPILATION_MODE = wholemodule;
				SWIFT_OPTIMIZATION_LEVEL = "-O";
				VALIDATE_PRODUCT = YES;
			};
			name = Release;
		};
		3D28FA6428A605C300E34CC4 /* Debug */ = {
			isa = XCBuildConfiguration;
			buildSettings = {
				ASSETCATALOG_COMPILER_APPICON_NAME = AppIcon;
				ASSETCATALOG_COMPILER_GLOBAL_ACCENT_COLOR_NAME = AccentColor;
				CODE_SIGN_STYLE = Automatic;
				CURRENT_PROJECT_VERSION = 1;
				DEVELOPMENT_TEAM = YY4H3MYC5F;
				GENERATE_INFOPLIST_FILE = YES;
				INFOPLIST_FILE = "Ad blocker/Info.plist";
				INFOPLIST_KEY_UIApplicationSupportsIndirectInputEvents = YES;
				INFOPLIST_KEY_UILaunchStoryboardName = LaunchScreen;
				INFOPLIST_KEY_UIMainStoryboardFile = Main;
				INFOPLIST_KEY_UISupportedInterfaceOrientations_iPad = "UIInterfaceOrientationPortrait UIInterfaceOrientationPortraitUpsideDown UIInterfaceOrientationLandscapeLeft UIInterfaceOrientationLandscapeRight";
				INFOPLIST_KEY_UISupportedInterfaceOrientations_iPhone = "UIInterfaceOrientationPortrait UIInterfaceOrientationLandscapeLeft UIInterfaceOrientationLandscapeRight";
				LD_RUNPATH_SEARCH_PATHS = (
					"$(inherited)",
					"@executable_path/Frameworks",
				);
				MARKETING_VERSION = 1.0;
				PRODUCT_BUNDLE_IDENTIFIER = "co.WillCatonJr.Ad-blocker";
				PRODUCT_NAME = "$(TARGET_NAME)";
				SWIFT_EMIT_LOC_STRINGS = YES;
				SWIFT_VERSION = 5.0;
				TARGETED_DEVICE_FAMILY = "1,2";
			};
			name = Debug;
		};
		3D28FA6528A605C300E34CC4 /* Release */ = {
			isa = XCBuildConfiguration;
			buildSettings = {
				ASSETCATALOG_COMPILER_APPICON_NAME = AppIcon;
				ASSETCATALOG_COMPILER_GLOBAL_ACCENT_COLOR_NAME = AccentColor;
				CODE_SIGN_STYLE = Automatic;
				CURRENT_PROJECT_VERSION = 1;
				DEVELOPMENT_TEAM = YY4H3MYC5F;
				GENERATE_INFOPLIST_FILE = YES;
				INFOPLIST_FILE = "Ad blocker/Info.plist";
				INFOPLIST_KEY_UIApplicationSupportsIndirectInputEvents = YES;
				INFOPLIST_KEY_UILaunchStoryboardName = LaunchScreen;
				INFOPLIST_KEY_UIMainStoryboardFile = Main;
				INFOPLIST_KEY_UISupportedInterfaceOrientations_iPad = "UIInterfaceOrientationPortrait UIInterfaceOrientationPortraitUpsideDown UIInterfaceOrientationLandscapeLeft UIInterfaceOrientationLandscapeRight";
				INFOPLIST_KEY_UISupportedInterfaceOrientations_iPhone = "UIInterfaceOrientationPortrait UIInterfaceOrientationLandscapeLeft UIInterfaceOrientationLandscapeRight";
				LD_RUNPATH_SEARCH_PATHS = (
					"$(inherited)",
					"@executable_path/Frameworks",
				);
				MARKETING_VERSION = 1.0;
				PRODUCT_BUNDLE_IDENTIFIER = "co.WillCatonJr.Ad-blocker";
				PRODUCT_NAME = "$(TARGET_NAME)";
				SWIFT_EMIT_LOC_STRINGS = YES;
				SWIFT_VERSION = 5.0;
				TARGETED_DEVICE_FAMILY = "1,2";
			};
			name = Release;
		};
		3D28FA6728A605C300E34CC4 /* Debug */ = {
			isa = XCBuildConfiguration;
			buildSettings = {
				ALWAYS_EMBED_SWIFT_STANDARD_LIBRARIES = YES;
				BUNDLE_LOADER = "$(TEST_HOST)";
				CODE_SIGN_STYLE = Automatic;
				CURRENT_PROJECT_VERSION = 1;
				DEVELOPMENT_TEAM = YY4H3MYC5F;
				GENERATE_INFOPLIST_FILE = YES;
				IPHONEOS_DEPLOYMENT_TARGET = 15.5;
				MARKETING_VERSION = 1.0;
				PRODUCT_BUNDLE_IDENTIFIER = "co.WillCatonJr.Ad-blockerTests";
				PRODUCT_NAME = "$(TARGET_NAME)";
				SWIFT_EMIT_LOC_STRINGS = NO;
				SWIFT_VERSION = 5.0;
				TARGETED_DEVICE_FAMILY = "1,2";
				TEST_HOST = "$(BUILT_PRODUCTS_DIR)/Ad blocker.app/Ad blocker";
			};
			name = Debug;
		};
		3D28FA6828A605C300E34CC4 /* Release */ = {
			isa = XCBuildConfiguration;
			buildSettings = {
				ALWAYS_EMBED_SWIFT_STANDARD_LIBRARIES = YES;
				BUNDLE_LOADER = "$(TEST_HOST)";
				CODE_SIGN_STYLE = Automatic;
				CURRENT_PROJECT_VERSION = 1;
				DEVELOPMENT_TEAM = YY4H3MYC5F;
				GENERATE_INFOPLIST_FILE = YES;
				IPHONEOS_DEPLOYMENT_TARGET = 15.5;
				MARKETING_VERSION = 1.0;
				PRODUCT_BUNDLE_IDENTIFIER = "co.WillCatonJr.Ad-blockerTests";
				PRODUCT_NAME = "$(TARGET_NAME)";
				SWIFT_EMIT_LOC_STRINGS = NO;
				SWIFT_VERSION = 5.0;
				TARGETED_DEVICE_FAMILY = "1,2";
				TEST_HOST = "$(BUILT_PRODUCTS_DIR)/Ad blocker.app/Ad blocker";
			};
			name = Release;
		};
		3D28FA6A28A605C300E34CC4 /* Debug */ = {
			isa = XCBuildConfiguration;
			buildSettings = {
				ALWAYS_EMBED_SWIFT_STANDARD_LIBRARIES = YES;
				CODE_SIGN_STYLE = Automatic;
				CURRENT_PROJECT_VERSION = 1;
				DEVELOPMENT_TEAM = YY4H3MYC5F;
				GENERATE_INFOPLIST_FILE = YES;
				MARKETING_VERSION = 1.0;
				PRODUCT_BUNDLE_IDENTIFIER = "co.WillCatonJr.Ad-blockerUITests";
				PRODUCT_NAME = "$(TARGET_NAME)";
				SWIFT_EMIT_LOC_STRINGS = NO;
				SWIFT_VERSION = 5.0;
				TARGETED_DEVICE_FAMILY = "1,2";
				TEST_TARGET_NAME = "Ad blocker";
			};
			name = Debug;
		};
		3D28FA6B28A605C300E34CC4 /* Release */ = {
			isa = XCBuildConfiguration;
			buildSettings = {
				ALWAYS_EMBED_SWIFT_STANDARD_LIBRARIES = YES;
				CODE_SIGN_STYLE = Automatic;
				CURRENT_PROJECT_VERSION = 1;
				DEVELOPMENT_TEAM = YY4H3MYC5F;
				GENERATE_INFOPLIST_FILE = YES;
				MARKETING_VERSION = 1.0;
				PRODUCT_BUNDLE_IDENTIFIER = "co.WillCatonJr.Ad-blockerUITests";
				PRODUCT_NAME = "$(TARGET_NAME)";
				SWIFT_EMIT_LOC_STRINGS = NO;
				SWIFT_VERSION = 5.0;
				TARGETED_DEVICE_FAMILY = "1,2";
				TEST_TARGET_NAME = "Ad blocker";
			};
			name = Release;
		};
/* End XCBuildConfiguration section */

/* Begin XCConfigurationList section */
		3D28FA3428A605C100E34CC4 /* Build configuration list for PBXProject "Ad blocker" */ = {
			isa = XCConfigurationList;
			buildConfigurations = (
				3D28FA6128A605C300E34CC4 /* Debug */,
				3D28FA6228A605C300E34CC4 /* Release */,
			);
			defaultConfigurationIsVisible = 0;
			defaultConfigurationName = Release;
		};
		3D28FA6328A605C300E34CC4 /* Build configuration list for PBXNativeTarget "Ad blocker" */ = {
			isa = XCConfigurationList;
			buildConfigurations = (
				3D28FA6428A605C300E34CC4 /* Debug */,
				3D28FA6528A605C300E34CC4 /* Release */,
			);
			defaultConfigurationIsVisible = 0;
			defaultConfigurationName = Release;
		};
		3D28FA6628A605C300E34CC4 /* Build configuration list for PBXNativeTarget "Ad blockerTests" */ = {
			isa = XCConfigurationList;
			buildConfigurations = (
				3D28FA6728A605C300E34CC4 /* Debug */,
				3D28FA6828A605C300E34CC4 /* Release */,
			);
			defaultConfigurationIsVisible = 0;
			defaultConfigurationName = Release;
		};
		3D28FA6928A605C300E34CC4 /* Build configuration list for PBXNativeTarget "Ad blockerUITests" */ = {
			isa = XCConfigurationList;
			buildConfigurations = (
				3D28FA6A28A605C300E34CC4 /* Debug */,
				3D28FA6B28A605C300E34CC4 /* Release */,
			);
			defaultConfigurationIsVisible = 0;
			defaultConfigurationName = Release;
		};
/* End XCConfigurationList section */
	};
	rootObject = 3D28FA3128A605C100E34CC4 /* Project object */;
}
